
Microsoft Visual Studio Solution File, Format Version 12.00
# Visual Studio Version 17
VisualStudioVersion = 17.12.35527.113
MinimumVisualStudioVersion = 10.0.40219.1
Project("{FAE04EC0-301F-11D3-BF4B-00C04F79EFBC}") = "T-shirtWebStore", "T-shirtWebStore\T-shirtWebStore.csproj", "{E56A223B-2F8E-4601-961C-00CF9F3F7F64}"
EndProject
Project("{FAE04EC0-301F-11D3-BF4B-00C04F79EFBC}") = "T-shirtWebStore.Data", "T-shirtWebStore.Data\T-shirtWebStore.Data.csproj", "{745B7408-96E9-468B-86A1-A004E5B8128B}"
EndProject
Project("{FAE04EC0-301F-11D3-BF4B-00C04F79EFBC}") = "T-shirtWebStore.Models", "T-shirtWebStore.Models\T-shirtWebStore.Models.csproj", "{42FF0683-D777-4C1B-B770-AC69A1453E72}"
EndProject
Project("{FAE04EC0-301F-11D3-BF4B-00C04F79EFBC}") = "T-shirtWebStore.Utility", "T-shirtWebStore.Utility\T-shirtWebStore.Utility.csproj", "{6E2DCDBD-151E-4A7D-86E3-31686FE532DA}"
EndProject
Global
	GlobalSection(SolutionConfigurationPlatforms) = preSolution
		Debug|Any CPU = Debug|Any CPU
		Release|Any CPU = Release|Any CPU
	EndGlobalSection
	GlobalSection(ProjectConfigurationPlatforms) = postSolution
		{E56A223B-2F8E-4601-961C-00CF9F3F7F64}.Debug|Any CPU.ActiveCfg = Debug|Any CPU
		{E56A223B-2F8E-4601-961C-00CF9F3F7F64}.Debug|Any CPU.Build.0 = Debug|Any CPU
		{E56A223B-2F8E-4601-961C-00CF9F3F7F64}.Release|Any CPU.ActiveCfg = Release|Any CPU
		{E56A223B-2F8E-4601-961C-00CF9F3F7F64}.Release|Any CPU.Build.0 = Release|Any CPU
		{745B7408-96E9-468B-86A1-A004E5B8128B}.Debug|Any CPU.ActiveCfg = Debug|Any CPU
		{745B7408-96E9-468B-86A1-A004E5B8128B}.Debug|Any CPU.Build.0 = Debug|Any CPU
		{745B7408-96E9-468B-86A1-A004E5B8128B}.Release|Any CPU.ActiveCfg = Release|Any CPU
		{745B7408-96E9-468B-86A1-A004E5B8128B}.Release|Any CPU.Build.0 = Release|Any CPU
		{42FF0683-D777-4C1B-B770-AC69A1453E72}.Debug|Any CPU.ActiveCfg = Debug|Any CPU
		{42FF0683-D777-4C1B-B770-AC69A1453E72}.Debug|Any CPU.Build.0 = Debug|Any CPU
		{42FF0683-D777-4C1B-B770-AC69A1453E72}.Release|Any CPU.ActiveCfg = Release|Any CPU
		{42FF0683-D777-4C1B-B770-AC69A1453E72}.Release|Any CPU.Build.0 = Release|Any CPU
		{6E2DCDBD-151E-4A7D-86E3-31686FE532DA}.Debug|Any CPU.ActiveCfg = Debug|Any CPU
		{6E2DCDBD-151E-4A7D-86E3-31686FE532DA}.Debug|Any CPU.Build.0 = Debug|Any CPU
		{6E2DCDBD-151E-4A7D-86E3-31686FE532DA}.Release|Any CPU.ActiveCfg = Release|Any CPU
		{6E2DCDBD-151E-4A7D-86E3-31686FE532DA}.Release|Any CPU.Build.0 = Release|Any CPU
	EndGlobalSection
	GlobalSection(SolutionProperties) = preSolution
		HideSolutionNode = FALSE
	EndGlobalSection
EndGlobal
